
Microsoft Visual Studio Solution File, Format Version 12.00
# Visual Studio 14
VisualStudioVersion = 14.0.23107.0
MinimumVisualStudioVersion = 10.0.40219.1
Project("{8BC9CEB8-8B4A-11D0-8D11-00A0C91BC942}") = "Exercise 3.2 - Geometry", "Homework 3\Homework 3.vcxproj", "{17AD3DC8-44EC-4B3E-918D-B1E8B1A6F910}"
EndProject
Project("{8BC9CEB8-8B4A-11D0-8D11-00A0C91BC942}") = "Exercise 3.1 - Palindrome", "ConsoleApplication1\ConsoleApplication1.vcxproj", "{3448A0F4-034C-44A9-9080-017B4161AA97}"
EndProject
Global
	GlobalSection(SolutionConfigurationPlatforms) = preSolution
		Debug|x64 = Debug|x64
		Debug|x86 = Debug|x86
		Release|x64 = Release|x64
		Release|x86 = Release|x86
	EndGlobalSection
	GlobalSection(ProjectConfigurationPlatforms) = postSolution
		{17AD3DC8-44EC-4B3E-918D-B1E8B1A6F910}.Debug|x64.ActiveCfg = Debug|x64
		{17AD3DC8-44EC-4B3E-918D-B1E8B1A6F910}.Debug|x64.Build.0 = Debug|x64
		{17AD3DC8-44EC-4B3E-918D-B1E8B1A6F910}.Debug|x86.ActiveCfg = Debug|Win32
		{17AD3DC8-44EC-4B3E-918D-B1E8B1A6F910}.Debug|x86.Build.0 = Debug|Win32
		{17AD3DC8-44EC-4B3E-918D-B1E8B1A6F910}.Release|x64.ActiveCfg = Release|x64
		{17AD3DC8-44EC-4B3E-918D-B1E8B1A6F910}.Release|x64.Build.0 = Release|x64
		{17AD3DC8-44EC-4B3E-918D-B1E8B1A6F910}.Release|x86.ActiveCfg = Release|Win32
		{17AD3DC8-44EC-4B3E-918D-B1E8B1A6F910}.Release|x86.Build.0 = Release|Win32
		{3448A0F4-034C-44A9-9080-017B4161AA97}.Debug|x64.ActiveCfg = Debug|x64
		{3448A0F4-034C-44A9-9080-017B4161AA97}.Debug|x64.Build.0 = Debug|x64
		{3448A0F4-034C-44A9-9080-017B4161AA97}.Debug|x86.ActiveCfg = Debug|Win32
		{3448A0F4-034C-44A9-9080-017B4161AA97}.Debug|x86.Build.0 = Debug|Win32
		{3448A0F4-034C-44A9-9080-017B4161AA97}.Release|x64.ActiveCfg = Release|x64
		{3448A0F4-034C-44A9-9080-017B4161AA97}.Release|x64.Build.0 = Release|x64
		{3448A0F4-034C-44A9-9080-017B4161AA97}.Release|x86.ActiveCfg = Release|Win32
		{3448A0F4-034C-44A9-9080-017B4161AA97}.Release|x86.Build.0 = Release|Win32
	EndGlobalSection
	GlobalSection(SolutionProperties) = preSolution
		HideSolutionNode = FALSE
	EndGlobalSection
EndGlobal
