
Microsoft Visual Studio Solution File, Format Version 12.00
# Visual Studio 14
VisualStudioVersion = 14.0.23107.0
MinimumVisualStudioVersion = 10.0.40219.1
Project("{8BC9CEB8-8B4A-11D0-8D11-00A0C91BC942}") = "Analyze Input", "ConsoleApplication1\ConsoleApplication1.vcxproj", "{FC933E1C-202A-405F-AB7D-D17FC1F26AF0}"
EndProject
Project("{8BC9CEB8-8B4A-11D0-8D11-00A0C91BC942}") = "Geometry, Rect 2d", "Smallest Element\Smallest Element.vcxproj", "{B5761279-208E-4F00-AF64-DE7351F4B0CB}"
EndProject
Project("{8BC9CEB8-8B4A-11D0-8D11-00A0C91BC942}") = "Increase array", "Increase array\Increase array.vcxproj", "{042369A6-D1F3-496E-8194-A67E1CCC9B00}"
EndProject
Project("{8BC9CEB8-8B4A-11D0-8D11-00A0C91BC942}") = "Smallest Elem", "Smallest Elem\Smallest Elem.vcxproj", "{AD85E326-5774-492D-A4A9-4D04C1EF3AD5}"
EndProject
Project("{8BC9CEB8-8B4A-11D0-8D11-00A0C91BC942}") = "Course", "Course\Course.vcxproj", "{EB16739D-7527-43B6-8DAC-70004BAF95A3}"
EndProject
Global
	GlobalSection(SolutionConfigurationPlatforms) = preSolution
		Debug|x64 = Debug|x64
		Debug|x86 = Debug|x86
		Release|x64 = Release|x64
		Release|x86 = Release|x86
	EndGlobalSection
	GlobalSection(ProjectConfigurationPlatforms) = postSolution
		{FC933E1C-202A-405F-AB7D-D17FC1F26AF0}.Debug|x64.ActiveCfg = Debug|x64
		{FC933E1C-202A-405F-AB7D-D17FC1F26AF0}.Debug|x64.Build.0 = Debug|x64
		{FC933E1C-202A-405F-AB7D-D17FC1F26AF0}.Debug|x86.ActiveCfg = Debug|Win32
		{FC933E1C-202A-405F-AB7D-D17FC1F26AF0}.Debug|x86.Build.0 = Debug|Win32
		{FC933E1C-202A-405F-AB7D-D17FC1F26AF0}.Release|x64.ActiveCfg = Release|x64
		{FC933E1C-202A-405F-AB7D-D17FC1F26AF0}.Release|x64.Build.0 = Release|x64
		{FC933E1C-202A-405F-AB7D-D17FC1F26AF0}.Release|x86.ActiveCfg = Release|Win32
		{FC933E1C-202A-405F-AB7D-D17FC1F26AF0}.Release|x86.Build.0 = Release|Win32
		{B5761279-208E-4F00-AF64-DE7351F4B0CB}.Debug|x64.ActiveCfg = Debug|x64
		{B5761279-208E-4F00-AF64-DE7351F4B0CB}.Debug|x64.Build.0 = Debug|x64
		{B5761279-208E-4F00-AF64-DE7351F4B0CB}.Debug|x86.ActiveCfg = Debug|Win32
		{B5761279-208E-4F00-AF64-DE7351F4B0CB}.Debug|x86.Build.0 = Debug|Win32
		{B5761279-208E-4F00-AF64-DE7351F4B0CB}.Release|x64.ActiveCfg = Release|x64
		{B5761279-208E-4F00-AF64-DE7351F4B0CB}.Release|x64.Build.0 = Release|x64
		{B5761279-208E-4F00-AF64-DE7351F4B0CB}.Release|x86.ActiveCfg = Release|Win32
		{B5761279-208E-4F00-AF64-DE7351F4B0CB}.Release|x86.Build.0 = Release|Win32
		{042369A6-D1F3-496E-8194-A67E1CCC9B00}.Debug|x64.ActiveCfg = Debug|x64
		{042369A6-D1F3-496E-8194-A67E1CCC9B00}.Debug|x64.Build.0 = Debug|x64
		{042369A6-D1F3-496E-8194-A67E1CCC9B00}.Debug|x86.ActiveCfg = Debug|Win32
		{042369A6-D1F3-496E-8194-A67E1CCC9B00}.Debug|x86.Build.0 = Debug|Win32
		{042369A6-D1F3-496E-8194-A67E1CCC9B00}.Release|x64.ActiveCfg = Release|x64
		{042369A6-D1F3-496E-8194-A67E1CCC9B00}.Release|x64.Build.0 = Release|x64
		{042369A6-D1F3-496E-8194-A67E1CCC9B00}.Release|x86.ActiveCfg = Release|Win32
		{042369A6-D1F3-496E-8194-A67E1CCC9B00}.Release|x86.Build.0 = Release|Win32
		{AD85E326-5774-492D-A4A9-4D04C1EF3AD5}.Debug|x64.ActiveCfg = Debug|x64
		{AD85E326-5774-492D-A4A9-4D04C1EF3AD5}.Debug|x64.Build.0 = Debug|x64
		{AD85E326-5774-492D-A4A9-4D04C1EF3AD5}.Debug|x86.ActiveCfg = Debug|Win32
		{AD85E326-5774-492D-A4A9-4D04C1EF3AD5}.Debug|x86.Build.0 = Debug|Win32
		{AD85E326-5774-492D-A4A9-4D04C1EF3AD5}.Release|x64.ActiveCfg = Release|x64
		{AD85E326-5774-492D-A4A9-4D04C1EF3AD5}.Release|x64.Build.0 = Release|x64
		{AD85E326-5774-492D-A4A9-4D04C1EF3AD5}.Release|x86.ActiveCfg = Release|Win32
		{AD85E326-5774-492D-A4A9-4D04C1EF3AD5}.Release|x86.Build.0 = Release|Win32
		{EB16739D-7527-43B6-8DAC-70004BAF95A3}.Debug|x64.ActiveCfg = Debug|x64
		{EB16739D-7527-43B6-8DAC-70004BAF95A3}.Debug|x64.Build.0 = Debug|x64
		{EB16739D-7527-43B6-8DAC-70004BAF95A3}.Debug|x86.ActiveCfg = Debug|Win32
		{EB16739D-7527-43B6-8DAC-70004BAF95A3}.Debug|x86.Build.0 = Debug|Win32
		{EB16739D-7527-43B6-8DAC-70004BAF95A3}.Release|x64.ActiveCfg = Release|x64
		{EB16739D-7527-43B6-8DAC-70004BAF95A3}.Release|x64.Build.0 = Release|x64
		{EB16739D-7527-43B6-8DAC-70004BAF95A3}.Release|x86.ActiveCfg = Release|Win32
		{EB16739D-7527-43B6-8DAC-70004BAF95A3}.Release|x86.Build.0 = Release|Win32
	EndGlobalSection
	GlobalSection(SolutionProperties) = preSolution
		HideSolutionNode = FALSE
	EndGlobalSection
EndGlobal
