
Microsoft Visual Studio Solution File, Format Version 12.00
# Visual Studio 14
VisualStudioVersion = 14.0.23107.0
MinimumVisualStudioVersion = 10.0.40219.1
Project("{8BC9CEB8-8B4A-11D0-8D11-00A0C91BC942}") = "Analyzing Input", "Homework 4\Homework 4.vcxproj", "{F4D779A0-C549-4D16-9E42-D4E1107BE480}"
EndProject
Project("{8BC9CEB8-8B4A-11D0-8D11-00A0C91BC942}") = "Increase Array Size", "Increase Array Size\Increase Array Size.vcxproj", "{EB23C30E-08EC-450B-89DE-E482700A8525}"
EndProject
Global
	GlobalSection(SolutionConfigurationPlatforms) = preSolution
		Debug|x64 = Debug|x64
		Debug|x86 = Debug|x86
		Release|x64 = Release|x64
		Release|x86 = Release|x86
	EndGlobalSection
	GlobalSection(ProjectConfigurationPlatforms) = postSolution
		{F4D779A0-C549-4D16-9E42-D4E1107BE480}.Debug|x64.ActiveCfg = Debug|x64
		{F4D779A0-C549-4D16-9E42-D4E1107BE480}.Debug|x64.Build.0 = Debug|x64
		{F4D779A0-C549-4D16-9E42-D4E1107BE480}.Debug|x86.ActiveCfg = Debug|Win32
		{F4D779A0-C549-4D16-9E42-D4E1107BE480}.Debug|x86.Build.0 = Debug|Win32
		{F4D779A0-C549-4D16-9E42-D4E1107BE480}.Release|x64.ActiveCfg = Release|x64
		{F4D779A0-C549-4D16-9E42-D4E1107BE480}.Release|x64.Build.0 = Release|x64
		{F4D779A0-C549-4D16-9E42-D4E1107BE480}.Release|x86.ActiveCfg = Release|Win32
		{F4D779A0-C549-4D16-9E42-D4E1107BE480}.Release|x86.Build.0 = Release|Win32
		{EB23C30E-08EC-450B-89DE-E482700A8525}.Debug|x64.ActiveCfg = Debug|x64
		{EB23C30E-08EC-450B-89DE-E482700A8525}.Debug|x64.Build.0 = Debug|x64
		{EB23C30E-08EC-450B-89DE-E482700A8525}.Debug|x86.ActiveCfg = Debug|Win32
		{EB23C30E-08EC-450B-89DE-E482700A8525}.Debug|x86.Build.0 = Debug|Win32
		{EB23C30E-08EC-450B-89DE-E482700A8525}.Release|x64.ActiveCfg = Release|x64
		{EB23C30E-08EC-450B-89DE-E482700A8525}.Release|x64.Build.0 = Release|x64
		{EB23C30E-08EC-450B-89DE-E482700A8525}.Release|x86.ActiveCfg = Release|Win32
		{EB23C30E-08EC-450B-89DE-E482700A8525}.Release|x86.Build.0 = Release|Win32
	EndGlobalSection
	GlobalSection(SolutionProperties) = preSolution
		HideSolutionNode = FALSE
	EndGlobalSection
EndGlobal
